
Microsoft Visual Studio Solution File, Format Version 12.00
# Visual Studio Version 16
VisualStudioVersion = 16.0.30907.101
MinimumVisualStudioVersion = 10.0.40219.1
Project("{FAE04EC0-301F-11D3-BF4B-00C04F79EFBC}") = "EGrabberWPF", "EGrabberWPF.csproj", "{839C28B4-42EE-4448-9241-C4D0B756DECE}"
EndProject
Project("{FAE04EC0-301F-11D3-BF4B-00C04F79EFBC}") = "MultiSelectTreeView", "..\MultiSelectTreeView\MultiSelectTreeView.csproj", "{2854814F-EA3C-41D4-AA94-460C4694F430}"
EndProject
Global
	GlobalSection(SolutionConfigurationPlatforms) = preSolution
		Debug|Any CPU = Debug|Any CPU
		Debug|x64 = Debug|x64
		Debug|x86 = Debug|x86
		Release|Any CPU = Release|Any CPU
		Release|x64 = Release|x64
		Release|x86 = Release|x86
	EndGlobalSection
	GlobalSection(ProjectConfigurationPlatforms) = postSolution
		{839C28B4-42EE-4448-9241-C4D0B756DECE}.Debug|Any CPU.ActiveCfg = Debug|Any CPU
		{839C28B4-42EE-4448-9241-C4D0B756DECE}.Debug|Any CPU.Build.0 = Debug|Any CPU
		{839C28B4-42EE-4448-9241-C4D0B756DECE}.Debug|x64.ActiveCfg = Debug|x64
		{839C28B4-42EE-4448-9241-C4D0B756DECE}.Debug|x64.Build.0 = Debug|x64
		{839C28B4-42EE-4448-9241-C4D0B756DECE}.Debug|x86.ActiveCfg = Debug|x86
		{839C28B4-42EE-4448-9241-C4D0B756DECE}.Debug|x86.Build.0 = Debug|x86
		{839C28B4-42EE-4448-9241-C4D0B756DECE}.Debug|x86.Deploy.0 = Debug|x86
		{839C28B4-42EE-4448-9241-C4D0B756DECE}.Release|Any CPU.ActiveCfg = Release|Any CPU
		{839C28B4-42EE-4448-9241-C4D0B756DECE}.Release|Any CPU.Build.0 = Release|Any CPU
		{839C28B4-42EE-4448-9241-C4D0B756DECE}.Release|x64.ActiveCfg = Release|x64
		{839C28B4-42EE-4448-9241-C4D0B756DECE}.Release|x64.Build.0 = Release|x64
		{839C28B4-42EE-4448-9241-C4D0B756DECE}.Release|x86.ActiveCfg = Release|x86
		{2854814F-EA3C-41D4-AA94-460C4694F430}.Debug|Any CPU.ActiveCfg = Debug|Any CPU
		{2854814F-EA3C-41D4-AA94-460C4694F430}.Debug|Any CPU.Build.0 = Debug|Any CPU
		{2854814F-EA3C-41D4-AA94-460C4694F430}.Debug|x64.ActiveCfg = Debug|x64
		{2854814F-EA3C-41D4-AA94-460C4694F430}.Debug|x64.Build.0 = Debug|x64
		{2854814F-EA3C-41D4-AA94-460C4694F430}.Debug|x86.ActiveCfg = Debug|Any CPU
		{2854814F-EA3C-41D4-AA94-460C4694F430}.Debug|x86.Build.0 = Debug|Any CPU
		{2854814F-EA3C-41D4-AA94-460C4694F430}.Release|Any CPU.ActiveCfg = Release|Any CPU
		{2854814F-EA3C-41D4-AA94-460C4694F430}.Release|Any CPU.Build.0 = Release|Any CPU
		{2854814F-EA3C-41D4-AA94-460C4694F430}.Release|x64.ActiveCfg = Release|x64
		{2854814F-EA3C-41D4-AA94-460C4694F430}.Release|x64.Build.0 = Release|x64
		{2854814F-EA3C-41D4-AA94-460C4694F430}.Release|x86.ActiveCfg = Release|Any CPU
		{2854814F-EA3C-41D4-AA94-460C4694F430}.Release|x86.Build.0 = Release|Any CPU
	EndGlobalSection
	GlobalSection(SolutionProperties) = preSolution
		HideSolutionNode = FALSE
	EndGlobalSection
	GlobalSection(ExtensibilityGlobals) = postSolution
		SolutionGuid = {3B84EFC2-3914-42DB-B705-A32462EA8D06}
	EndGlobalSection
EndGlobal
